
Microsoft Visual Studio Solution File, Format Version 12.00
# Visual Studio Version 17
VisualStudioVersion = 17.12.35527.113
MinimumVisualStudioVersion = 10.0.40219.1
Project("{2150E333-8FDC-42A3-9474-1A3956D46DE8}") = "API", "API", "{82BE08D3-06D9-4246-A86B-C79A9C754207}"
EndProject
Project("{2150E333-8FDC-42A3-9474-1A3956D46DE8}") = "CORE", "CORE", "{58720628-E053-4893-BA9C-5D5529458C94}"
EndProject
Project("{2150E333-8FDC-42A3-9474-1A3956D46DE8}") = "INFRASTRUCTURE", "INFRASTRUCTURE", "{5168B7E0-9C7B-4C0C-B24C-34217596362B}"
EndProject
Project("{2150E333-8FDC-42A3-9474-1A3956D46DE8}") = "TESTS", "TESTS", "{4DF922C7-8773-452E-AD53-AF021170EC2A}"
EndProject
Project("{2150E333-8FDC-42A3-9474-1A3956D46DE8}") = "WORK", "WORK", "{1EA9F86B-5360-4D52-BEA9-A86BCD8509BF}"
EndProject
Project("{FAE04EC0-301F-11D3-BF4B-00C04F79EFBC}") = "FIAP.TECH.AUTH", "FIAP.TECH.AUTH\FIAP.TECH.AUTH.csproj", "{4D361660-C796-4D99-8FEB-A52D71B984A7}"
EndProject
Project("{FAE04EC0-301F-11D3-BF4B-00C04F79EFBC}") = "FIAP.TECH.INFRASTRUCTURE", "FIAP.TECH.INFRASTRUCTURE\FIAP.TECH.INFRASTRUCTURE.csproj", "{66BF9BFD-C87F-4A0A-A2B6-C2D1055C68EE}"
EndProject
Project("{FAE04EC0-301F-11D3-BF4B-00C04F79EFBC}") = "FIAP.TECH.CORE.APPLICATION", "FIAP.TECH.CORE.APPLICATION\FIAP.TECH.CORE.APPLICATION.csproj", "{8D2D663E-5E79-4CD1-8244-C9230E297E66}"
EndProject
Project("{FAE04EC0-301F-11D3-BF4B-00C04F79EFBC}") = "FIAP.TECH.CORE.DOMAIN", "FIAP.TECH.CORE.DOMAIN\FIAP.TECH.CORE.DOMAIN.csproj", "{1473F720-1D73-4D51-9458-1CB4929C9CD6}"
EndProject
Project("{FAE04EC0-301F-11D3-BF4B-00C04F79EFBC}") = "FIAP.TECH.API.PATIENT", "FIAP.TECH.API.PATIENT\FIAP.TECH.API.PATIENT.csproj", "{D652D1CF-6AB6-4C84-BB48-2F5BD14DEC51}"
EndProject
Project("{FAE04EC0-301F-11D3-BF4B-00C04F79EFBC}") = "FIAP.TECH.API.SCHEDULE", "FIAP.TECH.API.SCHEDULE\FIAP.TECH.API.SCHEDULE.csproj", "{C7DB2597-625D-49B6-B12F-A45D9CE3301C}"
EndProject
Project("{FAE04EC0-301F-11D3-BF4B-00C04F79EFBC}") = "FIAP.TECH.API.DOCTOR", "FIAP.TECH.API.DOCTOR\FIAP.TECH.API.DOCTOR.csproj", "{9D934BAC-B450-42CE-8D9A-4A2B578D5DFC}"
EndProject
Project("{FAE04EC0-301F-11D3-BF4B-00C04F79EFBC}") = "FIAP.TECH.WORK", "FIAP.TECH.WORK\FIAP.TECH.WORK.csproj", "{AFE66E37-46ED-42AF-85CA-916AC37A0388}"
EndProject
Global
	GlobalSection(SolutionConfigurationPlatforms) = preSolution
		Debug|Any CPU = Debug|Any CPU
		Release|Any CPU = Release|Any CPU
	EndGlobalSection
	GlobalSection(ProjectConfigurationPlatforms) = postSolution
		{4D361660-C796-4D99-8FEB-A52D71B984A7}.Debug|Any CPU.ActiveCfg = Debug|Any CPU
		{4D361660-C796-4D99-8FEB-A52D71B984A7}.Debug|Any CPU.Build.0 = Debug|Any CPU
		{4D361660-C796-4D99-8FEB-A52D71B984A7}.Release|Any CPU.ActiveCfg = Release|Any CPU
		{4D361660-C796-4D99-8FEB-A52D71B984A7}.Release|Any CPU.Build.0 = Release|Any CPU
		{66BF9BFD-C87F-4A0A-A2B6-C2D1055C68EE}.Debug|Any CPU.ActiveCfg = Debug|Any CPU
		{66BF9BFD-C87F-4A0A-A2B6-C2D1055C68EE}.Debug|Any CPU.Build.0 = Debug|Any CPU
		{66BF9BFD-C87F-4A0A-A2B6-C2D1055C68EE}.Release|Any CPU.ActiveCfg = Release|Any CPU
		{66BF9BFD-C87F-4A0A-A2B6-C2D1055C68EE}.Release|Any CPU.Build.0 = Release|Any CPU
		{8D2D663E-5E79-4CD1-8244-C9230E297E66}.Debug|Any CPU.ActiveCfg = Debug|Any CPU
		{8D2D663E-5E79-4CD1-8244-C9230E297E66}.Debug|Any CPU.Build.0 = Debug|Any CPU
		{8D2D663E-5E79-4CD1-8244-C9230E297E66}.Release|Any CPU.ActiveCfg = Release|Any CPU
		{8D2D663E-5E79-4CD1-8244-C9230E297E66}.Release|Any CPU.Build.0 = Release|Any CPU
		{1473F720-1D73-4D51-9458-1CB4929C9CD6}.Debug|Any CPU.ActiveCfg = Debug|Any CPU
		{1473F720-1D73-4D51-9458-1CB4929C9CD6}.Debug|Any CPU.Build.0 = Debug|Any CPU
		{1473F720-1D73-4D51-9458-1CB4929C9CD6}.Release|Any CPU.ActiveCfg = Release|Any CPU
		{1473F720-1D73-4D51-9458-1CB4929C9CD6}.Release|Any CPU.Build.0 = Release|Any CPU
		{D652D1CF-6AB6-4C84-BB48-2F5BD14DEC51}.Debug|Any CPU.ActiveCfg = Debug|Any CPU
		{D652D1CF-6AB6-4C84-BB48-2F5BD14DEC51}.Debug|Any CPU.Build.0 = Debug|Any CPU
		{D652D1CF-6AB6-4C84-BB48-2F5BD14DEC51}.Release|Any CPU.ActiveCfg = Release|Any CPU
		{D652D1CF-6AB6-4C84-BB48-2F5BD14DEC51}.Release|Any CPU.Build.0 = Release|Any CPU
		{C7DB2597-625D-49B6-B12F-A45D9CE3301C}.Debug|Any CPU.ActiveCfg = Debug|Any CPU
		{C7DB2597-625D-49B6-B12F-A45D9CE3301C}.Debug|Any CPU.Build.0 = Debug|Any CPU
		{C7DB2597-625D-49B6-B12F-A45D9CE3301C}.Release|Any CPU.ActiveCfg = Release|Any CPU
		{C7DB2597-625D-49B6-B12F-A45D9CE3301C}.Release|Any CPU.Build.0 = Release|Any CPU
		{9D934BAC-B450-42CE-8D9A-4A2B578D5DFC}.Debug|Any CPU.ActiveCfg = Debug|Any CPU
		{9D934BAC-B450-42CE-8D9A-4A2B578D5DFC}.Debug|Any CPU.Build.0 = Debug|Any CPU
		{9D934BAC-B450-42CE-8D9A-4A2B578D5DFC}.Release|Any CPU.ActiveCfg = Release|Any CPU
		{9D934BAC-B450-42CE-8D9A-4A2B578D5DFC}.Release|Any CPU.Build.0 = Release|Any CPU
		{AFE66E37-46ED-42AF-85CA-916AC37A0388}.Debug|Any CPU.ActiveCfg = Debug|Any CPU
		{AFE66E37-46ED-42AF-85CA-916AC37A0388}.Debug|Any CPU.Build.0 = Debug|Any CPU
		{AFE66E37-46ED-42AF-85CA-916AC37A0388}.Release|Any CPU.ActiveCfg = Release|Any CPU
		{AFE66E37-46ED-42AF-85CA-916AC37A0388}.Release|Any CPU.Build.0 = Release|Any CPU
	EndGlobalSection
	GlobalSection(SolutionProperties) = preSolution
		HideSolutionNode = FALSE
	EndGlobalSection
	GlobalSection(NestedProjects) = preSolution
		{4D361660-C796-4D99-8FEB-A52D71B984A7} = {82BE08D3-06D9-4246-A86B-C79A9C754207}
		{66BF9BFD-C87F-4A0A-A2B6-C2D1055C68EE} = {5168B7E0-9C7B-4C0C-B24C-34217596362B}
		{8D2D663E-5E79-4CD1-8244-C9230E297E66} = {58720628-E053-4893-BA9C-5D5529458C94}
		{1473F720-1D73-4D51-9458-1CB4929C9CD6} = {58720628-E053-4893-BA9C-5D5529458C94}
		{D652D1CF-6AB6-4C84-BB48-2F5BD14DEC51} = {82BE08D3-06D9-4246-A86B-C79A9C754207}
		{C7DB2597-625D-49B6-B12F-A45D9CE3301C} = {82BE08D3-06D9-4246-A86B-C79A9C754207}
		{9D934BAC-B450-42CE-8D9A-4A2B578D5DFC} = {82BE08D3-06D9-4246-A86B-C79A9C754207}
		{AFE66E37-46ED-42AF-85CA-916AC37A0388} = {1EA9F86B-5360-4D52-BEA9-A86BCD8509BF}
	EndGlobalSection
EndGlobal
